
Microsoft Visual Studio Solution File, Format Version 12.00
# Visual Studio Version 16
VisualStudioVersion = 16.0.31424.327
MinimumVisualStudioVersion = 10.0.40219.1
Project("{FAE04EC0-301F-11D3-BF4B-00C04F79EFBC}") = "WebApplication1", "WebApplication1.csproj", "{7EE933C2-232C-4994-A2FC-38543050DE5E}"
EndProject
Global
	GlobalSection(SolutionConfigurationPlatforms) = preSolution
		Debug|Any CPU = Debug|Any CPU
		Release|Any CPU = Release|Any CPU
	EndGlobalSection
	GlobalSection(ProjectConfigurationPlatforms) = postSolution
		{7EE933C2-232C-4994-A2FC-38543050DE5E}.Debug|Any CPU.ActiveCfg = Debug|Any CPU
		{7EE933C2-232C-4994-A2FC-38543050DE5E}.Debug|Any CPU.Build.0 = Debug|Any CPU
		{7EE933C2-232C-4994-A2FC-38543050DE5E}.Release|Any CPU.ActiveCfg = Release|Any CPU
		{7EE933C2-232C-4994-A2FC-38543050DE5E}.Release|Any CPU.Build.0 = Release|Any CPU
	EndGlobalSection
	GlobalSection(SolutionProperties) = preSolution
		HideSolutionNode = FALSE
	EndGlobalSection
	GlobalSection(ExtensibilityGlobals) = postSolution
		SolutionGuid = {1D0A2FFB-4363-456A-A0C7-21CAAC180753}
	EndGlobalSection
EndGlobal
